Microsoft Visual Studio Solution File, Format Version 11.00
# Visual Studio 2008

Project("{F4793B40-3068-062F-FEC4-613933B181B7}") = "Gun_prototype", "Assembly-CSharp.csproj", "{2B299D34-9FC5-9886-7350-C0FDFFCC0C16}"
EndProject
Project("{F4793B40-3068-062F-FEC4-613933B181B7}") = "Gun_prototype", "Assembly-CSharp-Editor.csproj", "{93E56684-C93B-517D-33DA-86EAA127E5D3}"
EndProject
Global
	GlobalSection(SolutionConfigurationPlatforms) = preSolution
		Debug|Any CPU = Debug|Any CPU
		Release|Any CPU = Release|Any CPU
	EndGlobalSection
	GlobalSection(ProjectConfigurationPlatforms) = postSolution
		{2B299D34-9FC5-9886-7350-C0FDFFCC0C16}.Debug|Any CPU.ActiveCfg = Debug|Any CPU
		{2B299D34-9FC5-9886-7350-C0FDFFCC0C16}.Debug|Any CPU.Build.0 = Debug|Any CPU
		{2B299D34-9FC5-9886-7350-C0FDFFCC0C16}.Release|Any CPU.ActiveCfg = Release|Any CPU
		{2B299D34-9FC5-9886-7350-C0FDFFCC0C16}.Release|Any CPU.Build.0 = Release|Any CPU
		{93E56684-C93B-517D-33DA-86EAA127E5D3}.Debug|Any CPU.ActiveCfg = Debug|Any CPU
		{93E56684-C93B-517D-33DA-86EAA127E5D3}.Debug|Any CPU.Build.0 = Debug|Any CPU
		{93E56684-C93B-517D-33DA-86EAA127E5D3}.Release|Any CPU.ActiveCfg = Release|Any CPU
		{93E56684-C93B-517D-33DA-86EAA127E5D3}.Release|Any CPU.Build.0 = Release|Any CPU
	EndGlobalSection
	GlobalSection(SolutionProperties) = preSolution
		HideSolutionNode = FALSE
	EndGlobalSection
	GlobalSection(MonoDevelopProperties) = preSolution
		StartupItem = Assembly-CSharp.csproj
	EndGlobalSection
EndGlobal
